{
  "name": "myfn-function",
  "version": "0.0.1",
  "lockfileVersion": 1,
  "requires": true,
  "dependencies": {
    "@types/node": {
      "version": "14.18.63",
      "resolved": "https://registry.npmjs.org/@types/node/-/node-14.18.63.tgz",
      "integrity": "sha512-fAtCfv4jJg+ExtXhvCkCqUKZ+4ok/JQk01qDKhL5BDDoS3AxKXhV5/MAVUZyQnSEd2GT92fkgZl0pz0Q0AzcIQ==",
      "dev": true
    },
    "sf-fx-sdk-nodejs": {
      "version": "3.1.0",
      "resolved": "https://registry.npmjs.org/sf-fx-sdk-nodejs/-/sf-fx-sdk-nodejs-3.1.0.tgz",
      "integrity": "sha512-o05DJNHwFIMa+DRmFd7ypMw7jIclu1ud/gRkuMb2GVoSx4OBYDQ8r6MD8AT+ectrj7cGmUpmTYuXxw0AvgcrIA==",
      "dev": true
    },
    "typescript": {
      "version": "4.9.5",
      "resolved": "https://registry.npmjs.org/typescript/-/typescript-4.9.5.tgz",
      "integrity": "sha512-1FXk9E2Hm+QzZQ7z+McJiHL4NW1F2EzMu9Nq9i3zAaGqibafqYwCVU6WyWAuyQRRzOlxou8xZSyXLEN8oKj24g=="
    }
  }
}
