# This file is generated by running "yarn install" inside your project.
# Manual changes might be lost - proceed with caution!

__metadata:
  version: 4
  cacheKey: 7

"debug@npm:^4.3.4":
  version: 4.3.4
  resolution: "debug@npm:4.3.4"
  dependencies:
    ms: 2.1.2
  peerDependenciesMeta:
    supports-color:
      optional: true
  checksum: 7d71c93be25ed05e85840ec12df1a6d1848adbf8bc66948017ad4120fed17d7889e305adec560c18d70710e6de0c55548fbed170f4355045bbbbbd2afd1532a2
  languageName: node
  linkType: hard

"ms@npm:2.1.2":
  version: 2.1.2
  resolution: "ms@npm:2.1.2"
  checksum: 9b65fb709bc30c0c07289dcbdb61ca032acbb9ea5698b55fa62e2cebb04c5953f1876a1f3f7f4bc2e91d4bf4d86003f3e207c3bc6ee2f716f99827e62389cd0e
  languageName: node
  linkType: hard

"yarn-2-pnp-zero@workspace:.":
  version: 0.0.0-use.local
  resolution: "yarn-2-pnp-zero@workspace:."
  dependencies:
    debug: ^4.3.4
  languageName: unknown
  linkType: soft
